# THIS IS AN AUTOGENERATED FILE. DO NOT EDIT THIS FILE DIRECTLY.
# yarn lockfile v1


"@prisma/client@^3.6.0":
  version "3.13.0"
  resolved "https://registry.yarnpkg.com/@prisma/client/-/client-3.13.0.tgz#84511ebdf6ba75f77ca08495b9f73f22c4255654"
  integrity sha512-lnEA2tTyVbO5mS1ehmHJQKBDiKB8shaR6s3azwj3Azfi5XHIfnqmkolLCvUeFYnkDCNVzGXJpUgKwQt/UOOYVQ==
  dependencies:
    "@prisma/engines-version" "3.13.0-17.efdf9b1183dddfd4258cd181a72125755215ab7b"

"@prisma/engines-version@3.13.0-17.efdf9b1183dddfd4258cd181a72125755215ab7b":
  version "3.13.0-17.efdf9b1183dddfd4258cd181a72125755215ab7b"
  resolved "https://registry.yarnpkg.com/@prisma/engines-version/-/engines-version-3.13.0-17.efdf9b1183dddfd4258cd181a72125755215ab7b.tgz#676aca309d66d9be2aad8911ca31f1ee5561041c"
  integrity sha512-TGp9rvgJIKo8NgvAHSwOosbut9mTA7VC6/rpQI9gh+ySSRjdQFhbGyNUiOcQrlI9Ob2DWeO7y4HEnhdKxYiECg==

"@prisma/engines@3.13.0-17.efdf9b1183dddfd4258cd181a72125755215ab7b":
  version "3.13.0-17.efdf9b1183dddfd4258cd181a72125755215ab7b"
  resolved "https://registry.yarnpkg.com/@prisma/engines/-/engines-3.13.0-17.efdf9b1183dddfd4258cd181a72125755215ab7b.tgz#d3a457cec4ef7a3b3412c45b1f2eac68c974474b"
  integrity sha512-Ip9CcCeUocH61eXu4BUGpvl5KleQyhcUVLpWCv+0ZmDv44bFaDpREqjGHHdRupvPN/ugB6gTlD9b9ewdj02yVA==

prisma@^3.6.0:
  version "3.13.0"
  resolved "https://registry.yarnpkg.com/prisma/-/prisma-3.13.0.tgz#b11edd5631222ff1bf1d5324732d47801386aa8c"
  integrity sha512-oO1auBnBtieGdiN+57IgsA9Vr7Sy4HkILi1KSaUG4mpKfEbnkTGnLOxAqjLed+K2nsG/GtE1tJBtB7JxN1a78Q==
  dependencies:
    "@prisma/engines" "3.13.0-17.efdf9b1183dddfd4258cd181a72125755215ab7b"
    ts-pattern "^4.0.1"

ts-pattern@^4.0.1:
  version "4.0.2"
  resolved "https://registry.yarnpkg.com/ts-pattern/-/ts-pattern-4.0.2.tgz#b36afdb2de1ec0224539dcb7cea3a57c41453b9f"
  integrity sha512-eHqR/7A6fcw05vCOfnL6RwgGJbVi9G/YHTdYdjYmElhDdJ1SMn7pWs+6+YuxygaFwQS/g+cIDlu+UD8IVpur1A==
